
Microsoft Visual Studio Solution File, Format Version 12.00
# Visual Studio Version 17
VisualStudioVersion = 17.4.33213.308
MinimumVisualStudioVersion = 10.0.40219.1
Project("{FAE04EC0-301F-11D3-BF4B-00C04F79EFBC}") = "ChallenegeApp", "ChallenegeApp\ChallenegeApp.csproj", "{5A91E01E-275D-424B-9FFD-233F463FF858}"
EndProject
Global
	GlobalSection(SolutionConfigurationPlatforms) = preSolution
		Debug|Any CPU = Debug|Any CPU
		Release|Any CPU = Release|Any CPU
	EndGlobalSection
	GlobalSection(ProjectConfigurationPlatforms) = postSolution
		{5A91E01E-275D-424B-9FFD-233F463FF858}.Debug|Any CPU.ActiveCfg = Debug|Any CPU
		{5A91E01E-275D-424B-9FFD-233F463FF858}.Debug|Any CPU.Build.0 = Debug|Any CPU
		{5A91E01E-275D-424B-9FFD-233F463FF858}.Release|Any CPU.ActiveCfg = Release|Any CPU
		{5A91E01E-275D-424B-9FFD-233F463FF858}.Release|Any CPU.Build.0 = Release|Any CPU
	EndGlobalSection
	GlobalSection(SolutionProperties) = preSolution
		HideSolutionNode = FALSE
	EndGlobalSection
	GlobalSection(ExtensibilityGlobals) = postSolution
		SolutionGuid = {F042E73A-ABEA-4460-9FA2-46E70D70AB73}
	EndGlobalSection
EndGlobal
